
Microsoft Visual Studio Solution File, Format Version 12.00
# Visual Studio Version 17
VisualStudioVersion = 17.5.002.0
MinimumVisualStudioVersion = 10.0.40219.1
Project("{9A19103F-16F7-4668-BE54-9A1E7A4F7556}") = "ArraysAndStrings1", "ArraysAndStrings1.csproj", "{026BBC73-AAC2-4FC3-AF3E-B5F44FD173DD}"
EndProject
Global
	GlobalSection(SolutionConfigurationPlatforms) = preSolution
		Debug|Any CPU = Debug|Any CPU
		Release|Any CPU = Release|Any CPU
	EndGlobalSection
	GlobalSection(ProjectConfigurationPlatforms) = postSolution
		{026BBC73-AAC2-4FC3-AF3E-B5F44FD173DD}.Debug|Any CPU.ActiveCfg = Debug|Any CPU
		{026BBC73-AAC2-4FC3-AF3E-B5F44FD173DD}.Debug|Any CPU.Build.0 = Debug|Any CPU
		{026BBC73-AAC2-4FC3-AF3E-B5F44FD173DD}.Release|Any CPU.ActiveCfg = Release|Any CPU
		{026BBC73-AAC2-4FC3-AF3E-B5F44FD173DD}.Release|Any CPU.Build.0 = Release|Any CPU
	EndGlobalSection
	GlobalSection(SolutionProperties) = preSolution
		HideSolutionNode = FALSE
	EndGlobalSection
	GlobalSection(ExtensibilityGlobals) = postSolution
		SolutionGuid = {982DABFC-0B07-483F-8FE3-C4C7BDEFBA76}
	EndGlobalSection
EndGlobal
